
Microsoft Visual Studio Solution File, Format Version 12.00
# Visual Studio 15
VisualStudioVersion = 15.0.27130.2027
MinimumVisualStudioVersion = 10.0.40219.1
Project("{FAE04EC0-301F-11D3-BF4B-00C04F79EFBC}") = "CalculateGPA", "CalculateGPA\CalculateGPA.csproj", "{32AD56FC-00A5-4677-9564-ABCD8B657198}"
EndProject
Global
	GlobalSection(SolutionConfigurationPlatforms) = preSolution
		Debug|Any CPU = Debug|Any CPU
		Release|Any CPU = Release|Any CPU
	EndGlobalSection
	GlobalSection(ProjectConfigurationPlatforms) = postSolution
		{32AD56FC-00A5-4677-9564-ABCD8B657198}.Debug|Any CPU.ActiveCfg = Debug|Any CPU
		{32AD56FC-00A5-4677-9564-ABCD8B657198}.Debug|Any CPU.Build.0 = Debug|Any CPU
		{32AD56FC-00A5-4677-9564-ABCD8B657198}.Release|Any CPU.ActiveCfg = Release|Any CPU
		{32AD56FC-00A5-4677-9564-ABCD8B657198}.Release|Any CPU.Build.0 = Release|Any CPU
	EndGlobalSection
	GlobalSection(SolutionProperties) = preSolution
		HideSolutionNode = FALSE
	EndGlobalSection
	GlobalSection(ExtensibilityGlobals) = postSolution
		SolutionGuid = {CEE1A534-8674-4712-95C8-7EE7607E88B1}
	EndGlobalSection
EndGlobal
