
Microsoft Visual Studio Solution File, Format Version 12.00
# Visual Studio 15
VisualStudioVersion = 15.0.27130.2027
MinimumVisualStudioVersion = 10.0.40219.1
Project("{FAE04EC0-301F-11D3-BF4B-00C04F79EFBC}") = "MaximumFinder", "MaximumFinder\MaximumFinder.csproj", "{135948E9-C2CD-48A0-98F0-619298873A2E}"
EndProject
Global
	GlobalSection(SolutionConfigurationPlatforms) = preSolution
		Debug|Any CPU = Debug|Any CPU
		Release|Any CPU = Release|Any CPU
	EndGlobalSection
	GlobalSection(ProjectConfigurationPlatforms) = postSolution
		{135948E9-C2CD-48A0-98F0-619298873A2E}.Debug|Any CPU.ActiveCfg = Debug|Any CPU
		{135948E9-C2CD-48A0-98F0-619298873A2E}.Debug|Any CPU.Build.0 = Debug|Any CPU
		{135948E9-C2CD-48A0-98F0-619298873A2E}.Release|Any CPU.ActiveCfg = Release|Any CPU
		{135948E9-C2CD-48A0-98F0-619298873A2E}.Release|Any CPU.Build.0 = Release|Any CPU
	EndGlobalSection
	GlobalSection(SolutionProperties) = preSolution
		HideSolutionNode = FALSE
	EndGlobalSection
	GlobalSection(ExtensibilityGlobals) = postSolution
		SolutionGuid = {8624C407-13BE-47BD-85D3-422BF0C26B9C}
	EndGlobalSection
EndGlobal
